
Microsoft Visual Studio Solution File, Format Version 9.00
# Visual Studio 2005
Project("{FAE04EC0-301F-11D3-BF4B-00C04F79EFBC}") = "sandbox", "sandbox.csproj", "{CC3221B8-02C4-4E89-907B-B55BE461785C}"
EndProject
Project("{FAE04EC0-301F-11D3-BF4B-00C04F79EFBC}") = "ManagedOpenSsl-XP", "..\ManagedOpenSsl\XP\ManagedOpenSsl-XP.csproj", "{73DCC218-655B-485F-8EAC-0CE5F2F7343D}"
EndProject
Project("{FAE04EC0-301F-11D3-BF4B-00C04F79EFBC}") = "ManagedOpenSsl-CE", "..\ManagedOpenSsl\CE\ManagedOpenSsl-CE.csproj", "{7C4F32B5-D1BE-4ABF-8F37-45B4855CFF5F}"
EndProject
Project("{FAE04EC0-301F-11D3-BF4B-00C04F79EFBC}") = "sandbox-CE", "sandbox-CE.csproj", "{143E6625-F0A1-462F-8993-6BA7672E316E}"
EndProject
Global
	GlobalSection(SolutionConfigurationPlatforms) = preSolution
		ce_pxa debug|Any CPU = ce_pxa debug|Any CPU
		ce_pxa debug|Mixed Platforms = ce_pxa debug|Mixed Platforms
		ce_pxa debug|Pocket PC 2003 (ARMV4) = ce_pxa debug|Pocket PC 2003 (ARMV4)
		ce_pxa debug|Win32 = ce_pxa debug|Win32
		ce_pxa release|Any CPU = ce_pxa release|Any CPU
		ce_pxa release|Mixed Platforms = ce_pxa release|Mixed Platforms
		ce_pxa release|Pocket PC 2003 (ARMV4) = ce_pxa release|Pocket PC 2003 (ARMV4)
		ce_pxa release|Win32 = ce_pxa release|Win32
		ce_pxa unit|Any CPU = ce_pxa unit|Any CPU
		ce_pxa unit|Mixed Platforms = ce_pxa unit|Mixed Platforms
		ce_pxa unit|Pocket PC 2003 (ARMV4) = ce_pxa unit|Pocket PC 2003 (ARMV4)
		ce_pxa unit|Win32 = ce_pxa unit|Win32
		Debug|Any CPU = Debug|Any CPU
		Debug|Mixed Platforms = Debug|Mixed Platforms
		Debug|Pocket PC 2003 (ARMV4) = Debug|Pocket PC 2003 (ARMV4)
		Debug|Win32 = Debug|Win32
		linux_x86 debug|Any CPU = linux_x86 debug|Any CPU
		linux_x86 debug|Mixed Platforms = linux_x86 debug|Mixed Platforms
		linux_x86 debug|Pocket PC 2003 (ARMV4) = linux_x86 debug|Pocket PC 2003 (ARMV4)
		linux_x86 debug|Win32 = linux_x86 debug|Win32
		linux_x86 release|Any CPU = linux_x86 release|Any CPU
		linux_x86 release|Mixed Platforms = linux_x86 release|Mixed Platforms
		linux_x86 release|Pocket PC 2003 (ARMV4) = linux_x86 release|Pocket PC 2003 (ARMV4)
		linux_x86 release|Win32 = linux_x86 release|Win32
		linux_x86 unit|Any CPU = linux_x86 unit|Any CPU
		linux_x86 unit|Mixed Platforms = linux_x86 unit|Mixed Platforms
		linux_x86 unit|Pocket PC 2003 (ARMV4) = linux_x86 unit|Pocket PC 2003 (ARMV4)
		linux_x86 unit|Win32 = linux_x86 unit|Win32
		nt_x86 debug|Any CPU = nt_x86 debug|Any CPU
		nt_x86 debug|Mixed Platforms = nt_x86 debug|Mixed Platforms
		nt_x86 debug|Pocket PC 2003 (ARMV4) = nt_x86 debug|Pocket PC 2003 (ARMV4)
		nt_x86 debug|Win32 = nt_x86 debug|Win32
		nt_x86 release|Any CPU = nt_x86 release|Any CPU
		nt_x86 release|Mixed Platforms = nt_x86 release|Mixed Platforms
		nt_x86 release|Pocket PC 2003 (ARMV4) = nt_x86 release|Pocket PC 2003 (ARMV4)
		nt_x86 release|Win32 = nt_x86 release|Win32
		nt_x86 unit|Any CPU = nt_x86 unit|Any CPU
		nt_x86 unit|Mixed Platforms = nt_x86 unit|Mixed Platforms
		nt_x86 unit|Pocket PC 2003 (ARMV4) = nt_x86 unit|Pocket PC 2003 (ARMV4)
		nt_x86 unit|Win32 = nt_x86 unit|Win32
		Release|Any CPU = Release|Any CPU
		Release|Mixed Platforms = Release|Mixed Platforms
		Release|Pocket PC 2003 (ARMV4) = Release|Pocket PC 2003 (ARMV4)
		Release|Win32 = Release|Win32
	EndGlobalSection
	GlobalSection(ProjectConfigurationPlatforms) = postSolution
		{CC3221B8-02C4-4E89-907B-B55BE461785C}.ce_pxa debug|Any CPU.ActiveCfg = Release|Any CPU
		{CC3221B8-02C4-4E89-907B-B55BE461785C}.ce_pxa debug|Any CPU.Build.0 = Release|Any CPU
		{CC3221B8-02C4-4E89-907B-B55BE461785C}.ce_pxa debug|Mixed Platforms.ActiveCfg = Release|Any CPU
		{CC3221B8-02C4-4E89-907B-B55BE461785C}.ce_pxa debug|Mixed Platforms.Build.0 = Release|Any CPU
		{CC3221B8-02C4-4E89-907B-B55BE461785C}.ce_pxa debug|Pocket PC 2003 (ARMV4).ActiveCfg = Release|Any CPU
		{CC3221B8-02C4-4E89-907B-B55BE461785C}.ce_pxa debug|Win32.ActiveCfg = Release|Any CPU
		{CC3221B8-02C4-4E89-907B-B55BE461785C}.ce_pxa release|Any CPU.ActiveCfg = Release|Any CPU
		{CC3221B8-02C4-4E89-907B-B55BE461785C}.ce_pxa release|Any CPU.Build.0 = Release|Any CPU
		{CC3221B8-02C4-4E89-907B-B55BE461785C}.ce_pxa release|Mixed Platforms.ActiveCfg = Release|Any CPU
		{CC3221B8-02C4-4E89-907B-B55BE461785C}.ce_pxa release|Mixed Platforms.Build.0 = Release|Any CPU
		{CC3221B8-02C4-4E89-907B-B55BE461785C}.ce_pxa release|Pocket PC 2003 (ARMV4).ActiveCfg = Release|Any CPU
		{CC3221B8-02C4-4E89-907B-B55BE461785C}.ce_pxa release|Win32.ActiveCfg = Release|Any CPU
		{CC3221B8-02C4-4E89-907B-B55BE461785C}.ce_pxa unit|Any CPU.ActiveCfg = Release|Any CPU
		{CC3221B8-02C4-4E89-907B-B55BE461785C}.ce_pxa unit|Any CPU.Build.0 = Release|Any CPU
		{CC3221B8-02C4-4E89-907B-B55BE461785C}.ce_pxa unit|Mixed Platforms.ActiveCfg = Release|Any CPU
		{CC3221B8-02C4-4E89-907B-B55BE461785C}.ce_pxa unit|Mixed Platforms.Build.0 = Release|Any CPU
		{CC3221B8-02C4-4E89-907B-B55BE461785C}.ce_pxa unit|Pocket PC 2003 (ARMV4).ActiveCfg = Release|Any CPU
		{CC3221B8-02C4-4E89-907B-B55BE461785C}.ce_pxa unit|Win32.ActiveCfg = Release|Any CPU
		{CC3221B8-02C4-4E89-907B-B55BE461785C}.Debug|Any CPU.ActiveCfg = Debug|Any CPU
		{CC3221B8-02C4-4E89-907B-B55BE461785C}.Debug|Any CPU.Build.0 = Debug|Any CPU
		{CC3221B8-02C4-4E89-907B-B55BE461785C}.Debug|Mixed Platforms.ActiveCfg = Debug|Any CPU
		{CC3221B8-02C4-4E89-907B-B55BE461785C}.Debug|Mixed Platforms.Build.0 = Debug|Any CPU
		{CC3221B8-02C4-4E89-907B-B55BE461785C}.Debug|Pocket PC 2003 (ARMV4).ActiveCfg = Debug|Any CPU
		{CC3221B8-02C4-4E89-907B-B55BE461785C}.Debug|Win32.ActiveCfg = Debug|Any CPU
		{CC3221B8-02C4-4E89-907B-B55BE461785C}.linux_x86 debug|Any CPU.ActiveCfg = Release|Any CPU
		{CC3221B8-02C4-4E89-907B-B55BE461785C}.linux_x86 debug|Any CPU.Build.0 = Release|Any CPU
		{CC3221B8-02C4-4E89-907B-B55BE461785C}.linux_x86 debug|Mixed Platforms.ActiveCfg = Release|Any CPU
		{CC3221B8-02C4-4E89-907B-B55BE461785C}.linux_x86 debug|Mixed Platforms.Build.0 = Release|Any CPU
		{CC3221B8-02C4-4E89-907B-B55BE461785C}.linux_x86 debug|Pocket PC 2003 (ARMV4).ActiveCfg = Release|Any CPU
		{CC3221B8-02C4-4E89-907B-B55BE461785C}.linux_x86 debug|Win32.ActiveCfg = Release|Any CPU
		{CC3221B8-02C4-4E89-907B-B55BE461785C}.linux_x86 release|Any CPU.ActiveCfg = Release|Any CPU
		{CC3221B8-02C4-4E89-907B-B55BE461785C}.linux_x86 release|Any CPU.Build.0 = Release|Any CPU
		{CC3221B8-02C4-4E89-907B-B55BE461785C}.linux_x86 release|Mixed Platforms.ActiveCfg = Release|Any CPU
		{CC3221B8-02C4-4E89-907B-B55BE461785C}.linux_x86 release|Mixed Platforms.Build.0 = Release|Any CPU
		{CC3221B8-02C4-4E89-907B-B55BE461785C}.linux_x86 release|Pocket PC 2003 (ARMV4).ActiveCfg = Release|Any CPU
		{CC3221B8-02C4-4E89-907B-B55BE461785C}.linux_x86 release|Win32.ActiveCfg = Release|Any CPU
		{CC3221B8-02C4-4E89-907B-B55BE461785C}.linux_x86 unit|Any CPU.ActiveCfg = Release|Any CPU
		{CC3221B8-02C4-4E89-907B-B55BE461785C}.linux_x86 unit|Any CPU.Build.0 = Release|Any CPU
		{CC3221B8-02C4-4E89-907B-B55BE461785C}.linux_x86 unit|Mixed Platforms.ActiveCfg = Release|Any CPU
		{CC3221B8-02C4-4E89-907B-B55BE461785C}.linux_x86 unit|Mixed Platforms.Build.0 = Release|Any CPU
		{CC3221B8-02C4-4E89-907B-B55BE461785C}.linux_x86 unit|Pocket PC 2003 (ARMV4).ActiveCfg = Release|Any CPU
		{CC3221B8-02C4-4E89-907B-B55BE461785C}.linux_x86 unit|Win32.ActiveCfg = Release|Any CPU
		{CC3221B8-02C4-4E89-907B-B55BE461785C}.nt_x86 debug|Any CPU.ActiveCfg = Release|Any CPU
		{CC3221B8-02C4-4E89-907B-B55BE461785C}.nt_x86 debug|Any CPU.Build.0 = Release|Any CPU
		{CC3221B8-02C4-4E89-907B-B55BE461785C}.nt_x86 debug|Mixed Platforms.ActiveCfg = Release|Any CPU
		{CC3221B8-02C4-4E89-907B-B55BE461785C}.nt_x86 debug|Mixed Platforms.Build.0 = Release|Any CPU
		{CC3221B8-02C4-4E89-907B-B55BE461785C}.nt_x86 debug|Pocket PC 2003 (ARMV4).ActiveCfg = Release|Any CPU
		{CC3221B8-02C4-4E89-907B-B55BE461785C}.nt_x86 debug|Win32.ActiveCfg = Release|Any CPU
		{CC3221B8-02C4-4E89-907B-B55BE461785C}.nt_x86 release|Any CPU.ActiveCfg = Release|Any CPU
		{CC3221B8-02C4-4E89-907B-B55BE461785C}.nt_x86 release|Any CPU.Build.0 = Release|Any CPU
		{CC3221B8-02C4-4E89-907B-B55BE461785C}.nt_x86 release|Mixed Platforms.ActiveCfg = Release|Any CPU
		{CC3221B8-02C4-4E89-907B-B55BE461785C}.nt_x86 release|Mixed Platforms.Build.0 = Release|Any CPU
		{CC3221B8-02C4-4E89-907B-B55BE461785C}.nt_x86 release|Pocket PC 2003 (ARMV4).ActiveCfg = Release|Any CPU
		{CC3221B8-02C4-4E89-907B-B55BE461785C}.nt_x86 release|Win32.ActiveCfg = Release|Any CPU
		{CC3221B8-02C4-4E89-907B-B55BE461785C}.nt_x86 unit|Any CPU.ActiveCfg = Release|Any CPU
		{CC3221B8-02C4-4E89-907B-B55BE461785C}.nt_x86 unit|Any CPU.Build.0 = Release|Any CPU
		{CC3221B8-02C4-4E89-907B-B55BE461785C}.nt_x86 unit|Mixed Platforms.ActiveCfg = Release|Any CPU
		{CC3221B8-02C4-4E89-907B-B55BE461785C}.nt_x86 unit|Mixed Platforms.Build.0 = Release|Any CPU
		{CC3221B8-02C4-4E89-907B-B55BE461785C}.nt_x86 unit|Pocket PC 2003 (ARMV4).ActiveCfg = Release|Any CPU
		{CC3221B8-02C4-4E89-907B-B55BE461785C}.nt_x86 unit|Win32.ActiveCfg = Release|Any CPU
		{CC3221B8-02C4-4E89-907B-B55BE461785C}.Release|Any CPU.ActiveCfg = Release|Any CPU
		{CC3221B8-02C4-4E89-907B-B55BE461785C}.Release|Any CPU.Build.0 = Release|Any CPU
		{CC3221B8-02C4-4E89-907B-B55BE461785C}.Release|Mixed Platforms.ActiveCfg = Release|Any CPU
		{CC3221B8-02C4-4E89-907B-B55BE461785C}.Release|Mixed Platforms.Build.0 = Release|Any CPU
		{CC3221B8-02C4-4E89-907B-B55BE461785C}.Release|Pocket PC 2003 (ARMV4).ActiveCfg = Release|Any CPU
		{CC3221B8-02C4-4E89-907B-B55BE461785C}.Release|Win32.ActiveCfg = Release|Any CPU
		{73DCC218-655B-485F-8EAC-0CE5F2F7343D}.ce_pxa debug|Any CPU.ActiveCfg = Release|Any CPU
		{73DCC218-655B-485F-8EAC-0CE5F2F7343D}.ce_pxa debug|Any CPU.Build.0 = Release|Any CPU
		{73DCC218-655B-485F-8EAC-0CE5F2F7343D}.ce_pxa debug|Mixed Platforms.ActiveCfg = Release|Any CPU
		{73DCC218-655B-485F-8EAC-0CE5F2F7343D}.ce_pxa debug|Mixed Platforms.Build.0 = Release|Any CPU
		{73DCC218-655B-485F-8EAC-0CE5F2F7343D}.ce_pxa debug|Pocket PC 2003 (ARMV4).ActiveCfg = Release|Any CPU
		{73DCC218-655B-485F-8EAC-0CE5F2F7343D}.ce_pxa debug|Win32.ActiveCfg = Release|Any CPU
		{73DCC218-655B-485F-8EAC-0CE5F2F7343D}.ce_pxa release|Any CPU.ActiveCfg = Release|Any CPU
		{73DCC218-655B-485F-8EAC-0CE5F2F7343D}.ce_pxa release|Any CPU.Build.0 = Release|Any CPU
		{73DCC218-655B-485F-8EAC-0CE5F2F7343D}.ce_pxa release|Mixed Platforms.ActiveCfg = Release|Any CPU
		{73DCC218-655B-485F-8EAC-0CE5F2F7343D}.ce_pxa release|Mixed Platforms.Build.0 = Release|Any CPU
		{73DCC218-655B-485F-8EAC-0CE5F2F7343D}.ce_pxa release|Pocket PC 2003 (ARMV4).ActiveCfg = Release|Any CPU
		{73DCC218-655B-485F-8EAC-0CE5F2F7343D}.ce_pxa release|Win32.ActiveCfg = Release|Any CPU
		{73DCC218-655B-485F-8EAC-0CE5F2F7343D}.ce_pxa unit|Any CPU.ActiveCfg = Release|Any CPU
		{73DCC218-655B-485F-8EAC-0CE5F2F7343D}.ce_pxa unit|Any CPU.Build.0 = Release|Any CPU
		{73DCC218-655B-485F-8EAC-0CE5F2F7343D}.ce_pxa unit|Mixed Platforms.ActiveCfg = Release|Any CPU
		{73DCC218-655B-485F-8EAC-0CE5F2F7343D}.ce_pxa unit|Mixed Platforms.Build.0 = Release|Any CPU
		{73DCC218-655B-485F-8EAC-0CE5F2F7343D}.ce_pxa unit|Pocket PC 2003 (ARMV4).ActiveCfg = Release|Any CPU
		{73DCC218-655B-485F-8EAC-0CE5F2F7343D}.ce_pxa unit|Win32.ActiveCfg = Release|Any CPU
		{73DCC218-655B-485F-8EAC-0CE5F2F7343D}.Debug|Any CPU.ActiveCfg = Debug|Any CPU
		{73DCC218-655B-485F-8EAC-0CE5F2F7343D}.Debug|Any CPU.Build.0 = Debug|Any CPU
		{73DCC218-655B-485F-8EAC-0CE5F2F7343D}.Debug|Mixed Platforms.ActiveCfg = Debug|Any CPU
		{73DCC218-655B-485F-8EAC-0CE5F2F7343D}.Debug|Mixed Platforms.Build.0 = Debug|Any CPU
		{73DCC218-655B-485F-8EAC-0CE5F2F7343D}.Debug|Pocket PC 2003 (ARMV4).ActiveCfg = Debug|Any CPU
		{73DCC218-655B-485F-8EAC-0CE5F2F7343D}.Debug|Win32.ActiveCfg = Debug|Any CPU
		{73DCC218-655B-485F-8EAC-0CE5F2F7343D}.linux_x86 debug|Any CPU.ActiveCfg = Release|Any CPU
		{73DCC218-655B-485F-8EAC-0CE5F2F7343D}.linux_x86 debug|Any CPU.Build.0 = Release|Any CPU
		{73DCC218-655B-485F-8EAC-0CE5F2F7343D}.linux_x86 debug|Mixed Platforms.ActiveCfg = Release|Any CPU
		{73DCC218-655B-485F-8EAC-0CE5F2F7343D}.linux_x86 debug|Mixed Platforms.Build.0 = Release|Any CPU
		{73DCC218-655B-485F-8EAC-0CE5F2F7343D}.linux_x86 debug|Pocket PC 2003 (ARMV4).ActiveCfg = Release|Any CPU
		{73DCC218-655B-485F-8EAC-0CE5F2F7343D}.linux_x86 debug|Win32.ActiveCfg = Release|Any CPU
		{73DCC218-655B-485F-8EAC-0CE5F2F7343D}.linux_x86 release|Any CPU.ActiveCfg = Release|Any CPU
		{73DCC218-655B-485F-8EAC-0CE5F2F7343D}.linux_x86 release|Any CPU.Build.0 = Release|Any CPU
		{73DCC218-655B-485F-8EAC-0CE5F2F7343D}.linux_x86 release|Mixed Platforms.ActiveCfg = Release|Any CPU
		{73DCC218-655B-485F-8EAC-0CE5F2F7343D}.linux_x86 release|Mixed Platforms.Build.0 = Release|Any CPU
		{73DCC218-655B-485F-8EAC-0CE5F2F7343D}.linux_x86 release|Pocket PC 2003 (ARMV4).ActiveCfg = Release|Any CPU
		{73DCC218-655B-485F-8EAC-0CE5F2F7343D}.linux_x86 release|Win32.ActiveCfg = Release|Any CPU
		{73DCC218-655B-485F-8EAC-0CE5F2F7343D}.linux_x86 unit|Any CPU.ActiveCfg = Release|Any CPU
		{73DCC218-655B-485F-8EAC-0CE5F2F7343D}.linux_x86 unit|Any CPU.Build.0 = Release|Any CPU
		{73DCC218-655B-485F-8EAC-0CE5F2F7343D}.linux_x86 unit|Mixed Platforms.ActiveCfg = Release|Any CPU
		{73DCC218-655B-485F-8EAC-0CE5F2F7343D}.linux_x86 unit|Mixed Platforms.Build.0 = Release|Any CPU
		{73DCC218-655B-485F-8EAC-0CE5F2F7343D}.linux_x86 unit|Pocket PC 2003 (ARMV4).ActiveCfg = Release|Any CPU
		{73DCC218-655B-485F-8EAC-0CE5F2F7343D}.linux_x86 unit|Win32.ActiveCfg = Release|Any CPU
		{73DCC218-655B-485F-8EAC-0CE5F2F7343D}.nt_x86 debug|Any CPU.ActiveCfg = Release|Any CPU
		{73DCC218-655B-485F-8EAC-0CE5F2F7343D}.nt_x86 debug|Any CPU.Build.0 = Release|Any CPU
		{73DCC218-655B-485F-8EAC-0CE5F2F7343D}.nt_x86 debug|Mixed Platforms.ActiveCfg = Release|Any CPU
		{73DCC218-655B-485F-8EAC-0CE5F2F7343D}.nt_x86 debug|Mixed Platforms.Build.0 = Release|Any CPU
		{73DCC218-655B-485F-8EAC-0CE5F2F7343D}.nt_x86 debug|Pocket PC 2003 (ARMV4).ActiveCfg = Release|Any CPU
		{73DCC218-655B-485F-8EAC-0CE5F2F7343D}.nt_x86 debug|Win32.ActiveCfg = Release|Any CPU
		{73DCC218-655B-485F-8EAC-0CE5F2F7343D}.nt_x86 release|Any CPU.ActiveCfg = Release|Any CPU
		{73DCC218-655B-485F-8EAC-0CE5F2F7343D}.nt_x86 release|Any CPU.Build.0 = Release|Any CPU
		{73DCC218-655B-485F-8EAC-0CE5F2F7343D}.nt_x86 release|Mixed Platforms.ActiveCfg = Release|Any CPU
		{73DCC218-655B-485F-8EAC-0CE5F2F7343D}.nt_x86 release|Mixed Platforms.Build.0 = Release|Any CPU
		{73DCC218-655B-485F-8EAC-0CE5F2F7343D}.nt_x86 release|Pocket PC 2003 (ARMV4).ActiveCfg = Release|Any CPU
		{73DCC218-655B-485F-8EAC-0CE5F2F7343D}.nt_x86 release|Win32.ActiveCfg = Release|Any CPU
		{73DCC218-655B-485F-8EAC-0CE5F2F7343D}.nt_x86 unit|Any CPU.ActiveCfg = Release|Any CPU
		{73DCC218-655B-485F-8EAC-0CE5F2F7343D}.nt_x86 unit|Any CPU.Build.0 = Release|Any CPU
		{73DCC218-655B-485F-8EAC-0CE5F2F7343D}.nt_x86 unit|Mixed Platforms.ActiveCfg = Release|Any CPU
		{73DCC218-655B-485F-8EAC-0CE5F2F7343D}.nt_x86 unit|Mixed Platforms.Build.0 = Release|Any CPU
		{73DCC218-655B-485F-8EAC-0CE5F2F7343D}.nt_x86 unit|Pocket PC 2003 (ARMV4).ActiveCfg = Release|Any CPU
		{73DCC218-655B-485F-8EAC-0CE5F2F7343D}.nt_x86 unit|Win32.ActiveCfg = Release|Any CPU
		{73DCC218-655B-485F-8EAC-0CE5F2F7343D}.Release|Any CPU.ActiveCfg = Release|Any CPU
		{73DCC218-655B-485F-8EAC-0CE5F2F7343D}.Release|Any CPU.Build.0 = Release|Any CPU
		{73DCC218-655B-485F-8EAC-0CE5F2F7343D}.Release|Mixed Platforms.ActiveCfg = Release|Any CPU
		{73DCC218-655B-485F-8EAC-0CE5F2F7343D}.Release|Mixed Platforms.Build.0 = Release|Any CPU
		{73DCC218-655B-485F-8EAC-0CE5F2F7343D}.Release|Pocket PC 2003 (ARMV4).ActiveCfg = Release|Any CPU
		{73DCC218-655B-485F-8EAC-0CE5F2F7343D}.Release|Win32.ActiveCfg = Release|Any CPU
		{7C4F32B5-D1BE-4ABF-8F37-45B4855CFF5F}.ce_pxa debug|Any CPU.ActiveCfg = Release|Any CPU
		{7C4F32B5-D1BE-4ABF-8F37-45B4855CFF5F}.ce_pxa debug|Any CPU.Build.0 = Release|Any CPU
		{7C4F32B5-D1BE-4ABF-8F37-45B4855CFF5F}.ce_pxa debug|Mixed Platforms.ActiveCfg = Release|Any CPU
		{7C4F32B5-D1BE-4ABF-8F37-45B4855CFF5F}.ce_pxa debug|Mixed Platforms.Build.0 = Release|Any CPU
		{7C4F32B5-D1BE-4ABF-8F37-45B4855CFF5F}.ce_pxa debug|Pocket PC 2003 (ARMV4).ActiveCfg = Release|Any CPU
		{7C4F32B5-D1BE-4ABF-8F37-45B4855CFF5F}.ce_pxa debug|Win32.ActiveCfg = Release|Any CPU
		{7C4F32B5-D1BE-4ABF-8F37-45B4855CFF5F}.ce_pxa release|Any CPU.ActiveCfg = Release|Any CPU
		{7C4F32B5-D1BE-4ABF-8F37-45B4855CFF5F}.ce_pxa release|Any CPU.Build.0 = Release|Any CPU
		{7C4F32B5-D1BE-4ABF-8F37-45B4855CFF5F}.ce_pxa release|Mixed Platforms.ActiveCfg = Release|Any CPU
		{7C4F32B5-D1BE-4ABF-8F37-45B4855CFF5F}.ce_pxa release|Mixed Platforms.Build.0 = Release|Any CPU
		{7C4F32B5-D1BE-4ABF-8F37-45B4855CFF5F}.ce_pxa release|Pocket PC 2003 (ARMV4).ActiveCfg = Release|Any CPU
		{7C4F32B5-D1BE-4ABF-8F37-45B4855CFF5F}.ce_pxa release|Win32.ActiveCfg = Release|Any CPU
		{7C4F32B5-D1BE-4ABF-8F37-45B4855CFF5F}.ce_pxa unit|Any CPU.ActiveCfg = Release|Any CPU
		{7C4F32B5-D1BE-4ABF-8F37-45B4855CFF5F}.ce_pxa unit|Any CPU.Build.0 = Release|Any CPU
		{7C4F32B5-D1BE-4ABF-8F37-45B4855CFF5F}.ce_pxa unit|Mixed Platforms.ActiveCfg = Release|Any CPU
		{7C4F32B5-D1BE-4ABF-8F37-45B4855CFF5F}.ce_pxa unit|Mixed Platforms.Build.0 = Release|Any CPU
		{7C4F32B5-D1BE-4ABF-8F37-45B4855CFF5F}.ce_pxa unit|Pocket PC 2003 (ARMV4).ActiveCfg = Release|Any CPU
		{7C4F32B5-D1BE-4ABF-8F37-45B4855CFF5F}.ce_pxa unit|Win32.ActiveCfg = Release|Any CPU
		{7C4F32B5-D1BE-4ABF-8F37-45B4855CFF5F}.Debug|Any CPU.ActiveCfg = Debug|Any CPU
		{7C4F32B5-D1BE-4ABF-8F37-45B4855CFF5F}.Debug|Any CPU.Build.0 = Debug|Any CPU
		{7C4F32B5-D1BE-4ABF-8F37-45B4855CFF5F}.Debug|Mixed Platforms.ActiveCfg = Debug|Any CPU
		{7C4F32B5-D1BE-4ABF-8F37-45B4855CFF5F}.Debug|Mixed Platforms.Build.0 = Debug|Any CPU
		{7C4F32B5-D1BE-4ABF-8F37-45B4855CFF5F}.Debug|Pocket PC 2003 (ARMV4).ActiveCfg = Debug|Any CPU
		{7C4F32B5-D1BE-4ABF-8F37-45B4855CFF5F}.Debug|Win32.ActiveCfg = Debug|Any CPU
		{7C4F32B5-D1BE-4ABF-8F37-45B4855CFF5F}.linux_x86 debug|Any CPU.ActiveCfg = Release|Any CPU
		{7C4F32B5-D1BE-4ABF-8F37-45B4855CFF5F}.linux_x86 debug|Any CPU.Build.0 = Release|Any CPU
		{7C4F32B5-D1BE-4ABF-8F37-45B4855CFF5F}.linux_x86 debug|Mixed Platforms.ActiveCfg = Release|Any CPU
		{7C4F32B5-D1BE-4ABF-8F37-45B4855CFF5F}.linux_x86 debug|Mixed Platforms.Build.0 = Release|Any CPU
		{7C4F32B5-D1BE-4ABF-8F37-45B4855CFF5F}.linux_x86 debug|Pocket PC 2003 (ARMV4).ActiveCfg = Release|Any CPU
		{7C4F32B5-D1BE-4ABF-8F37-45B4855CFF5F}.linux_x86 debug|Win32.ActiveCfg = Release|Any CPU
		{7C4F32B5-D1BE-4ABF-8F37-45B4855CFF5F}.linux_x86 release|Any CPU.ActiveCfg = Release|Any CPU
		{7C4F32B5-D1BE-4ABF-8F37-45B4855CFF5F}.linux_x86 release|Any CPU.Build.0 = Release|Any CPU
		{7C4F32B5-D1BE-4ABF-8F37-45B4855CFF5F}.linux_x86 release|Mixed Platforms.ActiveCfg = Release|Any CPU
		{7C4F32B5-D1BE-4ABF-8F37-45B4855CFF5F}.linux_x86 release|Mixed Platforms.Build.0 = Release|Any CPU
		{7C4F32B5-D1BE-4ABF-8F37-45B4855CFF5F}.linux_x86 release|Pocket PC 2003 (ARMV4).ActiveCfg = Release|Any CPU
		{7C4F32B5-D1BE-4ABF-8F37-45B4855CFF5F}.linux_x86 release|Win32.ActiveCfg = Release|Any CPU
		{7C4F32B5-D1BE-4ABF-8F37-45B4855CFF5F}.linux_x86 unit|Any CPU.ActiveCfg = Release|Any CPU
		{7C4F32B5-D1BE-4ABF-8F37-45B4855CFF5F}.linux_x86 unit|Any CPU.Build.0 = Release|Any CPU
		{7C4F32B5-D1BE-4ABF-8F37-45B4855CFF5F}.linux_x86 unit|Mixed Platforms.ActiveCfg = Release|Any CPU
		{7C4F32B5-D1BE-4ABF-8F37-45B4855CFF5F}.linux_x86 unit|Mixed Platforms.Build.0 = Release|Any CPU
		{7C4F32B5-D1BE-4ABF-8F37-45B4855CFF5F}.linux_x86 unit|Pocket PC 2003 (ARMV4).ActiveCfg = Release|Any CPU
		{7C4F32B5-D1BE-4ABF-8F37-45B4855CFF5F}.linux_x86 unit|Win32.ActiveCfg = Release|Any CPU
		{7C4F32B5-D1BE-4ABF-8F37-45B4855CFF5F}.nt_x86 debug|Any CPU.ActiveCfg = Release|Any CPU
		{7C4F32B5-D1BE-4ABF-8F37-45B4855CFF5F}.nt_x86 debug|Any CPU.Build.0 = Release|Any CPU
		{7C4F32B5-D1BE-4ABF-8F37-45B4855CFF5F}.nt_x86 debug|Mixed Platforms.ActiveCfg = Release|Any CPU
		{7C4F32B5-D1BE-4ABF-8F37-45B4855CFF5F}.nt_x86 debug|Mixed Platforms.Build.0 = Release|Any CPU
		{7C4F32B5-D1BE-4ABF-8F37-45B4855CFF5F}.nt_x86 debug|Pocket PC 2003 (ARMV4).ActiveCfg = Release|Any CPU
		{7C4F32B5-D1BE-4ABF-8F37-45B4855CFF5F}.nt_x86 debug|Win32.ActiveCfg = Release|Any CPU
		{7C4F32B5-D1BE-4ABF-8F37-45B4855CFF5F}.nt_x86 release|Any CPU.ActiveCfg = Release|Any CPU
		{7C4F32B5-D1BE-4ABF-8F37-45B4855CFF5F}.nt_x86 release|Any CPU.Build.0 = Release|Any CPU
		{7C4F32B5-D1BE-4ABF-8F37-45B4855CFF5F}.nt_x86 release|Mixed Platforms.ActiveCfg = Release|Any CPU
		{7C4F32B5-D1BE-4ABF-8F37-45B4855CFF5F}.nt_x86 release|Mixed Platforms.Build.0 = Release|Any CPU
		{7C4F32B5-D1BE-4ABF-8F37-45B4855CFF5F}.nt_x86 release|Pocket PC 2003 (ARMV4).ActiveCfg = Release|Any CPU
		{7C4F32B5-D1BE-4ABF-8F37-45B4855CFF5F}.nt_x86 release|Win32.ActiveCfg = Release|Any CPU
		{7C4F32B5-D1BE-4ABF-8F37-45B4855CFF5F}.nt_x86 unit|Any CPU.ActiveCfg = Release|Any CPU
		{7C4F32B5-D1BE-4ABF-8F37-45B4855CFF5F}.nt_x86 unit|Any CPU.Build.0 = Release|Any CPU
		{7C4F32B5-D1BE-4ABF-8F37-45B4855CFF5F}.nt_x86 unit|Mixed Platforms.ActiveCfg = Release|Any CPU
		{7C4F32B5-D1BE-4ABF-8F37-45B4855CFF5F}.nt_x86 unit|Mixed Platforms.Build.0 = Release|Any CPU
		{7C4F32B5-D1BE-4ABF-8F37-45B4855CFF5F}.nt_x86 unit|Pocket PC 2003 (ARMV4).ActiveCfg = Release|Any CPU
		{7C4F32B5-D1BE-4ABF-8F37-45B4855CFF5F}.nt_x86 unit|Win32.ActiveCfg = Release|Any CPU
		{7C4F32B5-D1BE-4ABF-8F37-45B4855CFF5F}.Release|Any CPU.ActiveCfg = Release|Any CPU
		{7C4F32B5-D1BE-4ABF-8F37-45B4855CFF5F}.Release|Any CPU.Build.0 = Release|Any CPU
		{7C4F32B5-D1BE-4ABF-8F37-45B4855CFF5F}.Release|Mixed Platforms.ActiveCfg = Release|Any CPU
		{7C4F32B5-D1BE-4ABF-8F37-45B4855CFF5F}.Release|Mixed Platforms.Build.0 = Release|Any CPU
		{7C4F32B5-D1BE-4ABF-8F37-45B4855CFF5F}.Release|Pocket PC 2003 (ARMV4).ActiveCfg = Release|Any CPU
		{7C4F32B5-D1BE-4ABF-8F37-45B4855CFF5F}.Release|Win32.ActiveCfg = Release|Any CPU
		{143E6625-F0A1-462F-8993-6BA7672E316E}.ce_pxa debug|Any CPU.ActiveCfg = Release|Any CPU
		{143E6625-F0A1-462F-8993-6BA7672E316E}.ce_pxa debug|Any CPU.Build.0 = Release|Any CPU
		{143E6625-F0A1-462F-8993-6BA7672E316E}.ce_pxa debug|Any CPU.Deploy.0 = Release|Any CPU
		{143E6625-F0A1-462F-8993-6BA7672E316E}.ce_pxa debug|Mixed Platforms.ActiveCfg = Release|Any CPU
		{143E6625-F0A1-462F-8993-6BA7672E316E}.ce_pxa debug|Mixed Platforms.Build.0 = Release|Any CPU
		{143E6625-F0A1-462F-8993-6BA7672E316E}.ce_pxa debug|Mixed Platforms.Deploy.0 = Release|Any CPU
		{143E6625-F0A1-462F-8993-6BA7672E316E}.ce_pxa debug|Pocket PC 2003 (ARMV4).ActiveCfg = Release|Any CPU
		{143E6625-F0A1-462F-8993-6BA7672E316E}.ce_pxa debug|Win32.ActiveCfg = Release|Any CPU
		{143E6625-F0A1-462F-8993-6BA7672E316E}.ce_pxa release|Any CPU.ActiveCfg = Release|Any CPU
		{143E6625-F0A1-462F-8993-6BA7672E316E}.ce_pxa release|Any CPU.Build.0 = Release|Any CPU
		{143E6625-F0A1-462F-8993-6BA7672E316E}.ce_pxa release|Any CPU.Deploy.0 = Release|Any CPU
		{143E6625-F0A1-462F-8993-6BA7672E316E}.ce_pxa release|Mixed Platforms.ActiveCfg = Release|Any CPU
		{143E6625-F0A1-462F-8993-6BA7672E316E}.ce_pxa release|Mixed Platforms.Build.0 = Release|Any CPU
		{143E6625-F0A1-462F-8993-6BA7672E316E}.ce_pxa release|Mixed Platforms.Deploy.0 = Release|Any CPU
		{143E6625-F0A1-462F-8993-6BA7672E316E}.ce_pxa release|Pocket PC 2003 (ARMV4).ActiveCfg = Release|Any CPU
		{143E6625-F0A1-462F-8993-6BA7672E316E}.ce_pxa release|Win32.ActiveCfg = Release|Any CPU
		{143E6625-F0A1-462F-8993-6BA7672E316E}.ce_pxa unit|Any CPU.ActiveCfg = Release|Any CPU
		{143E6625-F0A1-462F-8993-6BA7672E316E}.ce_pxa unit|Any CPU.Build.0 = Release|Any CPU
		{143E6625-F0A1-462F-8993-6BA7672E316E}.ce_pxa unit|Any CPU.Deploy.0 = Release|Any CPU
		{143E6625-F0A1-462F-8993-6BA7672E316E}.ce_pxa unit|Mixed Platforms.ActiveCfg = Release|Any CPU
		{143E6625-F0A1-462F-8993-6BA7672E316E}.ce_pxa unit|Mixed Platforms.Build.0 = Release|Any CPU
		{143E6625-F0A1-462F-8993-6BA7672E316E}.ce_pxa unit|Mixed Platforms.Deploy.0 = Release|Any CPU
		{143E6625-F0A1-462F-8993-6BA7672E316E}.ce_pxa unit|Pocket PC 2003 (ARMV4).ActiveCfg = Release|Any CPU
		{143E6625-F0A1-462F-8993-6BA7672E316E}.ce_pxa unit|Win32.ActiveCfg = Release|Any CPU
		{143E6625-F0A1-462F-8993-6BA7672E316E}.Debug|Any CPU.ActiveCfg = Debug|Any CPU
		{143E6625-F0A1-462F-8993-6BA7672E316E}.Debug|Any CPU.Build.0 = Debug|Any CPU
		{143E6625-F0A1-462F-8993-6BA7672E316E}.Debug|Any CPU.Deploy.0 = Debug|Any CPU
		{143E6625-F0A1-462F-8993-6BA7672E316E}.Debug|Mixed Platforms.ActiveCfg = Debug|Any CPU
		{143E6625-F0A1-462F-8993-6BA7672E316E}.Debug|Mixed Platforms.Build.0 = Debug|Any CPU
		{143E6625-F0A1-462F-8993-6BA7672E316E}.Debug|Mixed Platforms.Deploy.0 = Debug|Any CPU
		{143E6625-F0A1-462F-8993-6BA7672E316E}.Debug|Pocket PC 2003 (ARMV4).ActiveCfg = Debug|Any CPU
		{143E6625-F0A1-462F-8993-6BA7672E316E}.Debug|Win32.ActiveCfg = Debug|Any CPU
		{143E6625-F0A1-462F-8993-6BA7672E316E}.linux_x86 debug|Any CPU.ActiveCfg = Release|Any CPU
		{143E6625-F0A1-462F-8993-6BA7672E316E}.linux_x86 debug|Any CPU.Build.0 = Release|Any CPU
		{143E6625-F0A1-462F-8993-6BA7672E316E}.linux_x86 debug|Any CPU.Deploy.0 = Release|Any CPU
		{143E6625-F0A1-462F-8993-6BA7672E316E}.linux_x86 debug|Mixed Platforms.ActiveCfg = Release|Any CPU
		{143E6625-F0A1-462F-8993-6BA7672E316E}.linux_x86 debug|Mixed Platforms.Build.0 = Release|Any CPU
		{143E6625-F0A1-462F-8993-6BA7672E316E}.linux_x86 debug|Mixed Platforms.Deploy.0 = Release|Any CPU
		{143E6625-F0A1-462F-8993-6BA7672E316E}.linux_x86 debug|Pocket PC 2003 (ARMV4).ActiveCfg = Release|Any CPU
		{143E6625-F0A1-462F-8993-6BA7672E316E}.linux_x86 debug|Win32.ActiveCfg = Release|Any CPU
		{143E6625-F0A1-462F-8993-6BA7672E316E}.linux_x86 release|Any CPU.ActiveCfg = Release|Any CPU
		{143E6625-F0A1-462F-8993-6BA7672E316E}.linux_x86 release|Any CPU.Build.0 = Release|Any CPU
		{143E6625-F0A1-462F-8993-6BA7672E316E}.linux_x86 release|Any CPU.Deploy.0 = Release|Any CPU
		{143E6625-F0A1-462F-8993-6BA7672E316E}.linux_x86 release|Mixed Platforms.ActiveCfg = Release|Any CPU
		{143E6625-F0A1-462F-8993-6BA7672E316E}.linux_x86 release|Mixed Platforms.Build.0 = Release|Any CPU
		{143E6625-F0A1-462F-8993-6BA7672E316E}.linux_x86 release|Mixed Platforms.Deploy.0 = Release|Any CPU
		{143E6625-F0A1-462F-8993-6BA7672E316E}.linux_x86 release|Pocket PC 2003 (ARMV4).ActiveCfg = Release|Any CPU
		{143E6625-F0A1-462F-8993-6BA7672E316E}.linux_x86 release|Win32.ActiveCfg = Release|Any CPU
		{143E6625-F0A1-462F-8993-6BA7672E316E}.linux_x86 unit|Any CPU.ActiveCfg = Release|Any CPU
		{143E6625-F0A1-462F-8993-6BA7672E316E}.linux_x86 unit|Any CPU.Build.0 = Release|Any CPU
		{143E6625-F0A1-462F-8993-6BA7672E316E}.linux_x86 unit|Any CPU.Deploy.0 = Release|Any CPU
		{143E6625-F0A1-462F-8993-6BA7672E316E}.linux_x86 unit|Mixed Platforms.ActiveCfg = Release|Any CPU
		{143E6625-F0A1-462F-8993-6BA7672E316E}.linux_x86 unit|Mixed Platforms.Build.0 = Release|Any CPU
		{143E6625-F0A1-462F-8993-6BA7672E316E}.linux_x86 unit|Mixed Platforms.Deploy.0 = Release|Any CPU
		{143E6625-F0A1-462F-8993-6BA7672E316E}.linux_x86 unit|Pocket PC 2003 (ARMV4).ActiveCfg = Release|Any CPU
		{143E6625-F0A1-462F-8993-6BA7672E316E}.linux_x86 unit|Win32.ActiveCfg = Release|Any CPU
		{143E6625-F0A1-462F-8993-6BA7672E316E}.nt_x86 debug|Any CPU.ActiveCfg = Release|Any CPU
		{143E6625-F0A1-462F-8993-6BA7672E316E}.nt_x86 debug|Any CPU.Build.0 = Release|Any CPU
		{143E6625-F0A1-462F-8993-6BA7672E316E}.nt_x86 debug|Any CPU.Deploy.0 = Release|Any CPU
		{143E6625-F0A1-462F-8993-6BA7672E316E}.nt_x86 debug|Mixed Platforms.ActiveCfg = Release|Any CPU
		{143E6625-F0A1-462F-8993-6BA7672E316E}.nt_x86 debug|Mixed Platforms.Build.0 = Release|Any CPU
		{143E6625-F0A1-462F-8993-6BA7672E316E}.nt_x86 debug|Mixed Platforms.Deploy.0 = Release|Any CPU
		{143E6625-F0A1-462F-8993-6BA7672E316E}.nt_x86 debug|Pocket PC 2003 (ARMV4).ActiveCfg = Release|Any CPU
		{143E6625-F0A1-462F-8993-6BA7672E316E}.nt_x86 debug|Win32.ActiveCfg = Release|Any CPU
		{143E6625-F0A1-462F-8993-6BA7672E316E}.nt_x86 release|Any CPU.ActiveCfg = Release|Any CPU
		{143E6625-F0A1-462F-8993-6BA7672E316E}.nt_x86 release|Any CPU.Build.0 = Release|Any CPU
		{143E6625-F0A1-462F-8993-6BA7672E316E}.nt_x86 release|Any CPU.Deploy.0 = Release|Any CPU
		{143E6625-F0A1-462F-8993-6BA7672E316E}.nt_x86 release|Mixed Platforms.ActiveCfg = Release|Any CPU
		{143E6625-F0A1-462F-8993-6BA7672E316E}.nt_x86 release|Mixed Platforms.Build.0 = Release|Any CPU
		{143E6625-F0A1-462F-8993-6BA7672E316E}.nt_x86 release|Mixed Platforms.Deploy.0 = Release|Any CPU
		{143E6625-F0A1-462F-8993-6BA7672E316E}.nt_x86 release|Pocket PC 2003 (ARMV4).ActiveCfg = Release|Any CPU
		{143E6625-F0A1-462F-8993-6BA7672E316E}.nt_x86 release|Win32.ActiveCfg = Release|Any CPU
		{143E6625-F0A1-462F-8993-6BA7672E316E}.nt_x86 unit|Any CPU.ActiveCfg = Release|Any CPU
		{143E6625-F0A1-462F-8993-6BA7672E316E}.nt_x86 unit|Any CPU.Build.0 = Release|Any CPU
		{143E6625-F0A1-462F-8993-6BA7672E316E}.nt_x86 unit|Any CPU.Deploy.0 = Release|Any CPU
		{143E6625-F0A1-462F-8993-6BA7672E316E}.nt_x86 unit|Mixed Platforms.ActiveCfg = Release|Any CPU
		{143E6625-F0A1-462F-8993-6BA7672E316E}.nt_x86 unit|Mixed Platforms.Build.0 = Release|Any CPU
		{143E6625-F0A1-462F-8993-6BA7672E316E}.nt_x86 unit|Mixed Platforms.Deploy.0 = Release|Any CPU
		{143E6625-F0A1-462F-8993-6BA7672E316E}.nt_x86 unit|Pocket PC 2003 (ARMV4).ActiveCfg = Release|Any CPU
		{143E6625-F0A1-462F-8993-6BA7672E316E}.nt_x86 unit|Win32.ActiveCfg = Release|Any CPU
		{143E6625-F0A1-462F-8993-6BA7672E316E}.Release|Any CPU.ActiveCfg = Release|Any CPU
		{143E6625-F0A1-462F-8993-6BA7672E316E}.Release|Any CPU.Build.0 = Release|Any CPU
		{143E6625-F0A1-462F-8993-6BA7672E316E}.Release|Any CPU.Deploy.0 = Release|Any CPU
		{143E6625-F0A1-462F-8993-6BA7672E316E}.Release|Mixed Platforms.ActiveCfg = Release|Any CPU
		{143E6625-F0A1-462F-8993-6BA7672E316E}.Release|Mixed Platforms.Build.0 = Release|Any CPU
		{143E6625-F0A1-462F-8993-6BA7672E316E}.Release|Mixed Platforms.Deploy.0 = Release|Any CPU
		{143E6625-F0A1-462F-8993-6BA7672E316E}.Release|Pocket PC 2003 (ARMV4).ActiveCfg = Release|Any CPU
		{143E6625-F0A1-462F-8993-6BA7672E316E}.Release|Win32.ActiveCfg = Release|Any CPU
	EndGlobalSection
	GlobalSection(SolutionProperties) = preSolution
		HideSolutionNode = FALSE
	EndGlobalSection
EndGlobal
