
Microsoft Visual Studio Solution File, Format Version 9.00
# Visual Studio 2005
Project("{FAE04EC0-301F-11D3-BF4B-00C04F79EFBC}") = "test-2005", "test\test-2005.csproj", "{72087340-51A8-427D-8886-2B45C494CDF5}"
EndProject
Project("{FAE04EC0-301F-11D3-BF4B-00C04F79EFBC}") = "ManagedOpenSsl-2005", "ManagedOpenSsl\ManagedOpenSsl-2005.csproj", "{73DCC218-655B-485F-8EAC-0CE5F2F7343D}"
EndProject
Project("{FAE04EC0-301F-11D3-BF4B-00C04F79EFBC}") = "cli-2005", "cli\cli-2005.csproj", "{F50628FD-5AE4-4A16-A062-4687B2EAD7EE}"
EndProject
Project("{FAE04EC0-301F-11D3-BF4B-00C04F79EFBC}") = "UnitTests-2005", "test\UnitTests\UnitTests-2005.csproj", "{D32CF8B0-8242-4F9A-BC95-AFA271826470}"
EndProject
Global
	GlobalSection(SolutionConfigurationPlatforms) = preSolution
		Debug|Any CPU = Debug|Any CPU
		Release|Any CPU = Release|Any CPU
	EndGlobalSection
	GlobalSection(ProjectConfigurationPlatforms) = postSolution
		{72087340-51A8-427D-8886-2B45C494CDF5}.Debug|Any CPU.ActiveCfg = Debug|Any CPU
		{72087340-51A8-427D-8886-2B45C494CDF5}.Debug|Any CPU.Build.0 = Debug|Any CPU
		{72087340-51A8-427D-8886-2B45C494CDF5}.Release|Any CPU.ActiveCfg = Release|Any CPU
		{72087340-51A8-427D-8886-2B45C494CDF5}.Release|Any CPU.Build.0 = Release|Any CPU
		{73DCC218-655B-485F-8EAC-0CE5F2F7343D}.Debug|Any CPU.ActiveCfg = Debug|Any CPU
		{73DCC218-655B-485F-8EAC-0CE5F2F7343D}.Debug|Any CPU.Build.0 = Debug|Any CPU
		{73DCC218-655B-485F-8EAC-0CE5F2F7343D}.Release|Any CPU.ActiveCfg = Release|Any CPU
		{73DCC218-655B-485F-8EAC-0CE5F2F7343D}.Release|Any CPU.Build.0 = Release|Any CPU
		{F50628FD-5AE4-4A16-A062-4687B2EAD7EE}.Debug|Any CPU.ActiveCfg = Debug|Any CPU
		{F50628FD-5AE4-4A16-A062-4687B2EAD7EE}.Debug|Any CPU.Build.0 = Debug|Any CPU
		{F50628FD-5AE4-4A16-A062-4687B2EAD7EE}.Release|Any CPU.ActiveCfg = Release|Any CPU
		{F50628FD-5AE4-4A16-A062-4687B2EAD7EE}.Release|Any CPU.Build.0 = Release|Any CPU
		{D32CF8B0-8242-4F9A-BC95-AFA271826470}.Debug|Any CPU.ActiveCfg = Debug|Any CPU
		{D32CF8B0-8242-4F9A-BC95-AFA271826470}.Debug|Any CPU.Build.0 = Debug|Any CPU
		{D32CF8B0-8242-4F9A-BC95-AFA271826470}.Release|Any CPU.ActiveCfg = Release|Any CPU
		{D32CF8B0-8242-4F9A-BC95-AFA271826470}.Release|Any CPU.Build.0 = Release|Any CPU
	EndGlobalSection
	GlobalSection(SolutionProperties) = preSolution
		HideSolutionNode = FALSE
	EndGlobalSection
EndGlobal
