
Microsoft Visual Studio Solution File, Format Version 12.00
# Visual Studio 2012
Project("{2150E333-8FDC-42A3-9474-1A3956D46DE8}") = "Project Files", "Project Files", "{0B96FB71-2BB0-48F8-B3E0-E3848A4F9E87}"
	ProjectSection(SolutionItems) = preProject
		CHANGES = CHANGES
		COPYING = COPYING
		INSTALL = INSTALL
		LICENSE = LICENSE
		Makefile = Makefile
		release.cmd = release.cmd
	EndProjectSection
EndProject
Project("{FAE04EC0-301F-11D3-BF4B-00C04F79EFBC}") = "ManagedOpenSsl", "ManagedOpenSsl\ManagedOpenSsl.csproj", "{73DCC218-655B-485F-8EAC-0CE5F2F7343D}"
EndProject
Project("{FAE04EC0-301F-11D3-BF4B-00C04F79EFBC}") = "cli", "cli\cli.csproj", "{F50628FD-5AE4-4A16-A062-4687B2EAD7EE}"
EndProject
Project("{FAE04EC0-301F-11D3-BF4B-00C04F79EFBC}") = "UnitTests", "test\UnitTests.csproj", "{779FA0D7-D7CB-4408-A94D-B5718F118894}"
EndProject
Project("{2150E333-8FDC-42A3-9474-1A3956D46DE8}") = ".nuget", ".nuget", "{F2592433-901A-4971-BAC4-42C5B5F75B64}"
	ProjectSection(SolutionItems) = preProject
		.nuget\NuGet.Config = .nuget\NuGet.Config
		.nuget\NuGet.exe = .nuget\NuGet.exe
		.nuget\NuGet.targets = .nuget\NuGet.targets
	EndProjectSection
EndProject
Global
	GlobalSection(SolutionConfigurationPlatforms) = preSolution
		Debug|x64 = Debug|x64
		Debug|x86 = Debug|x86
		Release|x64 = Release|x64
		Release|x86 = Release|x86
		Trace|x64 = Trace|x64
		Trace|x86 = Trace|x86
	EndGlobalSection
	GlobalSection(ProjectConfigurationPlatforms) = postSolution
		{73DCC218-655B-485F-8EAC-0CE5F2F7343D}.Debug|x64.ActiveCfg = Debug|x64
		{73DCC218-655B-485F-8EAC-0CE5F2F7343D}.Debug|x64.Build.0 = Debug|x64
		{73DCC218-655B-485F-8EAC-0CE5F2F7343D}.Debug|x86.ActiveCfg = Debug|x86
		{73DCC218-655B-485F-8EAC-0CE5F2F7343D}.Debug|x86.Build.0 = Debug|x86
		{73DCC218-655B-485F-8EAC-0CE5F2F7343D}.Release|x64.ActiveCfg = Release|x64
		{73DCC218-655B-485F-8EAC-0CE5F2F7343D}.Release|x64.Build.0 = Release|x64
		{73DCC218-655B-485F-8EAC-0CE5F2F7343D}.Release|x86.ActiveCfg = Release|x86
		{73DCC218-655B-485F-8EAC-0CE5F2F7343D}.Release|x86.Build.0 = Release|x86
		{73DCC218-655B-485F-8EAC-0CE5F2F7343D}.Trace|x64.ActiveCfg = Trace|x64
		{73DCC218-655B-485F-8EAC-0CE5F2F7343D}.Trace|x64.Build.0 = Trace|x64
		{73DCC218-655B-485F-8EAC-0CE5F2F7343D}.Trace|x86.ActiveCfg = Trace|x86
		{73DCC218-655B-485F-8EAC-0CE5F2F7343D}.Trace|x86.Build.0 = Trace|x86
		{F50628FD-5AE4-4A16-A062-4687B2EAD7EE}.Debug|x64.ActiveCfg = Debug|x64
		{F50628FD-5AE4-4A16-A062-4687B2EAD7EE}.Debug|x64.Build.0 = Debug|x64
		{F50628FD-5AE4-4A16-A062-4687B2EAD7EE}.Debug|x86.ActiveCfg = Debug|x86
		{F50628FD-5AE4-4A16-A062-4687B2EAD7EE}.Debug|x86.Build.0 = Debug|x86
		{F50628FD-5AE4-4A16-A062-4687B2EAD7EE}.Release|x64.ActiveCfg = Release|x64
		{F50628FD-5AE4-4A16-A062-4687B2EAD7EE}.Release|x64.Build.0 = Release|x64
		{F50628FD-5AE4-4A16-A062-4687B2EAD7EE}.Release|x86.ActiveCfg = Release|x86
		{F50628FD-5AE4-4A16-A062-4687B2EAD7EE}.Release|x86.Build.0 = Release|x86
		{F50628FD-5AE4-4A16-A062-4687B2EAD7EE}.Trace|x64.ActiveCfg = Trace|x64
		{F50628FD-5AE4-4A16-A062-4687B2EAD7EE}.Trace|x64.Build.0 = Trace|x64
		{F50628FD-5AE4-4A16-A062-4687B2EAD7EE}.Trace|x86.ActiveCfg = Trace|x86
		{F50628FD-5AE4-4A16-A062-4687B2EAD7EE}.Trace|x86.Build.0 = Trace|x86
		{779FA0D7-D7CB-4408-A94D-B5718F118894}.Debug|x64.ActiveCfg = Debug|x64
		{779FA0D7-D7CB-4408-A94D-B5718F118894}.Debug|x64.Build.0 = Debug|x64
		{779FA0D7-D7CB-4408-A94D-B5718F118894}.Debug|x86.ActiveCfg = Debug|x86
		{779FA0D7-D7CB-4408-A94D-B5718F118894}.Debug|x86.Build.0 = Debug|x86
		{779FA0D7-D7CB-4408-A94D-B5718F118894}.Release|x64.ActiveCfg = Release|x64
		{779FA0D7-D7CB-4408-A94D-B5718F118894}.Release|x64.Build.0 = Release|x64
		{779FA0D7-D7CB-4408-A94D-B5718F118894}.Release|x86.ActiveCfg = Release|x86
		{779FA0D7-D7CB-4408-A94D-B5718F118894}.Release|x86.Build.0 = Release|x86
		{779FA0D7-D7CB-4408-A94D-B5718F118894}.Trace|x64.ActiveCfg = Trace|x64
		{779FA0D7-D7CB-4408-A94D-B5718F118894}.Trace|x64.Build.0 = Trace|x64
		{779FA0D7-D7CB-4408-A94D-B5718F118894}.Trace|x86.ActiveCfg = Trace|x86
		{779FA0D7-D7CB-4408-A94D-B5718F118894}.Trace|x86.Build.0 = Trace|x86
	EndGlobalSection
	GlobalSection(SolutionProperties) = preSolution
		HideSolutionNode = FALSE
	EndGlobalSection
	GlobalSection(MonoDevelopProperties) = preSolution
		Policies = $0
		$0.TextStylePolicy = $1
		$1.FileWidth = 120
		$1.TabsToSpaces = False
		$1.EolMarker = Unix
		$1.inheritsSet = VisualStudio
		$1.inheritsScope = text/plain
		$1.scope = text/x-csharp
		$0.CSharpFormattingPolicy = $2
		$2.AnonymousMethodBraceStyle = NextLine
		$2.PropertyBraceStyle = NextLine
		$2.PropertyGetBraceStyle = NextLine
		$2.PropertySetBraceStyle = NextLine
		$2.EventBraceStyle = NextLine
		$2.EventAddBraceStyle = NextLine
		$2.EventRemoveBraceStyle = NextLine
		$2.StatementBraceStyle = NextLine
		$2.ElseNewLinePlacement = NewLine
		$2.CatchNewLinePlacement = NewLine
		$2.FinallyNewLinePlacement = NewLine
		$2.BeforeMethodDeclarationParentheses = False
		$2.BeforeMethodCallParentheses = False
		$2.BeforeConstructorDeclarationParentheses = False
		$2.NewLineBeforeConstructorInitializerColon = SameLine
		$2.BeforeDelegateDeclarationParentheses = False
		$2.AfterDelegateDeclarationParameterComma = True
		$2.NewParentheses = False
		$2.SpacesBeforeBrackets = False
		$2.MethodDeclarationParameterWrapping = WrapIfTooLong
		$2.AlignToFirstMethodDeclarationParameter = False
		$2.AlignToFirstIndexerDeclarationParameter = False
		$2.inheritsSet = Mono
		$2.inheritsScope = text/x-csharp
		$2.scope = text/x-csharp
	EndGlobalSection
EndGlobal
