
Microsoft Visual Studio Solution File, Format Version 9.00
# Visual Studio 2005
Project("{FAE04EC0-301F-11D3-BF4B-00C04F79EFBC}") = "cli", "cli\cli.csproj", "{F50628FD-5AE4-4A16-A062-4687B2EAD7EE}"
EndProject
Project("{FAE04EC0-301F-11D3-BF4B-00C04F79EFBC}") = "ManagedOpenSsl-XP", "..\ManagedOpenSsl\XP\ManagedOpenSsl-XP.csproj", "{73DCC218-655B-485F-8EAC-0CE5F2F7343D}"
EndProject
Global
	GlobalSection(SolutionConfigurationPlatforms) = preSolution
		ce_pxa debug|Any CPU = ce_pxa debug|Any CPU
		ce_pxa debug|Mixed Platforms = ce_pxa debug|Mixed Platforms
		ce_pxa debug|Pocket PC 2003 (ARMV4) = ce_pxa debug|Pocket PC 2003 (ARMV4)
		ce_pxa debug|Win32 = ce_pxa debug|Win32
		ce_pxa release|Any CPU = ce_pxa release|Any CPU
		ce_pxa release|Mixed Platforms = ce_pxa release|Mixed Platforms
		ce_pxa release|Pocket PC 2003 (ARMV4) = ce_pxa release|Pocket PC 2003 (ARMV4)
		ce_pxa release|Win32 = ce_pxa release|Win32
		ce_pxa unit|Any CPU = ce_pxa unit|Any CPU
		ce_pxa unit|Mixed Platforms = ce_pxa unit|Mixed Platforms
		ce_pxa unit|Pocket PC 2003 (ARMV4) = ce_pxa unit|Pocket PC 2003 (ARMV4)
		ce_pxa unit|Win32 = ce_pxa unit|Win32
		Debug|Any CPU = Debug|Any CPU
		Debug|Mixed Platforms = Debug|Mixed Platforms
		Debug|Pocket PC 2003 (ARMV4) = Debug|Pocket PC 2003 (ARMV4)
		Debug|Win32 = Debug|Win32
		linux_x86 debug|Any CPU = linux_x86 debug|Any CPU
		linux_x86 debug|Mixed Platforms = linux_x86 debug|Mixed Platforms
		linux_x86 debug|Pocket PC 2003 (ARMV4) = linux_x86 debug|Pocket PC 2003 (ARMV4)
		linux_x86 debug|Win32 = linux_x86 debug|Win32
		linux_x86 release|Any CPU = linux_x86 release|Any CPU
		linux_x86 release|Mixed Platforms = linux_x86 release|Mixed Platforms
		linux_x86 release|Pocket PC 2003 (ARMV4) = linux_x86 release|Pocket PC 2003 (ARMV4)
		linux_x86 release|Win32 = linux_x86 release|Win32
		linux_x86 unit|Any CPU = linux_x86 unit|Any CPU
		linux_x86 unit|Mixed Platforms = linux_x86 unit|Mixed Platforms
		linux_x86 unit|Pocket PC 2003 (ARMV4) = linux_x86 unit|Pocket PC 2003 (ARMV4)
		linux_x86 unit|Win32 = linux_x86 unit|Win32
		nt_x86 debug|Any CPU = nt_x86 debug|Any CPU
		nt_x86 debug|Mixed Platforms = nt_x86 debug|Mixed Platforms
		nt_x86 debug|Pocket PC 2003 (ARMV4) = nt_x86 debug|Pocket PC 2003 (ARMV4)
		nt_x86 debug|Win32 = nt_x86 debug|Win32
		nt_x86 release|Any CPU = nt_x86 release|Any CPU
		nt_x86 release|Mixed Platforms = nt_x86 release|Mixed Platforms
		nt_x86 release|Pocket PC 2003 (ARMV4) = nt_x86 release|Pocket PC 2003 (ARMV4)
		nt_x86 release|Win32 = nt_x86 release|Win32
		nt_x86 unit|Any CPU = nt_x86 unit|Any CPU
		nt_x86 unit|Mixed Platforms = nt_x86 unit|Mixed Platforms
		nt_x86 unit|Pocket PC 2003 (ARMV4) = nt_x86 unit|Pocket PC 2003 (ARMV4)
		nt_x86 unit|Win32 = nt_x86 unit|Win32
		Release|Any CPU = Release|Any CPU
		Release|Mixed Platforms = Release|Mixed Platforms
		Release|Pocket PC 2003 (ARMV4) = Release|Pocket PC 2003 (ARMV4)
		Release|Win32 = Release|Win32
	EndGlobalSection
	GlobalSection(ProjectConfigurationPlatforms) = postSolution
		{F50628FD-5AE4-4A16-A062-4687B2EAD7EE}.ce_pxa debug|Any CPU.ActiveCfg = Release|Any CPU
		{F50628FD-5AE4-4A16-A062-4687B2EAD7EE}.ce_pxa debug|Any CPU.Build.0 = Release|Any CPU
		{F50628FD-5AE4-4A16-A062-4687B2EAD7EE}.ce_pxa debug|Mixed Platforms.ActiveCfg = Release|Any CPU
		{F50628FD-5AE4-4A16-A062-4687B2EAD7EE}.ce_pxa debug|Mixed Platforms.Build.0 = Release|Any CPU
		{F50628FD-5AE4-4A16-A062-4687B2EAD7EE}.ce_pxa debug|Pocket PC 2003 (ARMV4).ActiveCfg = Release|Any CPU
		{F50628FD-5AE4-4A16-A062-4687B2EAD7EE}.ce_pxa debug|Win32.ActiveCfg = Release|Any CPU
		{F50628FD-5AE4-4A16-A062-4687B2EAD7EE}.ce_pxa release|Any CPU.ActiveCfg = Release|Any CPU
		{F50628FD-5AE4-4A16-A062-4687B2EAD7EE}.ce_pxa release|Any CPU.Build.0 = Release|Any CPU
		{F50628FD-5AE4-4A16-A062-4687B2EAD7EE}.ce_pxa release|Mixed Platforms.ActiveCfg = Release|Any CPU
		{F50628FD-5AE4-4A16-A062-4687B2EAD7EE}.ce_pxa release|Mixed Platforms.Build.0 = Release|Any CPU
		{F50628FD-5AE4-4A16-A062-4687B2EAD7EE}.ce_pxa release|Pocket PC 2003 (ARMV4).ActiveCfg = Release|Any CPU
		{F50628FD-5AE4-4A16-A062-4687B2EAD7EE}.ce_pxa release|Win32.ActiveCfg = Release|Any CPU
		{F50628FD-5AE4-4A16-A062-4687B2EAD7EE}.ce_pxa unit|Any CPU.ActiveCfg = Release|Any CPU
		{F50628FD-5AE4-4A16-A062-4687B2EAD7EE}.ce_pxa unit|Any CPU.Build.0 = Release|Any CPU
		{F50628FD-5AE4-4A16-A062-4687B2EAD7EE}.ce_pxa unit|Mixed Platforms.ActiveCfg = Release|Any CPU
		{F50628FD-5AE4-4A16-A062-4687B2EAD7EE}.ce_pxa unit|Mixed Platforms.Build.0 = Release|Any CPU
		{F50628FD-5AE4-4A16-A062-4687B2EAD7EE}.ce_pxa unit|Pocket PC 2003 (ARMV4).ActiveCfg = Release|Any CPU
		{F50628FD-5AE4-4A16-A062-4687B2EAD7EE}.ce_pxa unit|Win32.ActiveCfg = Release|Any CPU
		{F50628FD-5AE4-4A16-A062-4687B2EAD7EE}.Debug|Any CPU.ActiveCfg = Debug|Any CPU
		{F50628FD-5AE4-4A16-A062-4687B2EAD7EE}.Debug|Any CPU.Build.0 = Debug|Any CPU
		{F50628FD-5AE4-4A16-A062-4687B2EAD7EE}.Debug|Mixed Platforms.ActiveCfg = Debug|Any CPU
		{F50628FD-5AE4-4A16-A062-4687B2EAD7EE}.Debug|Pocket PC 2003 (ARMV4).ActiveCfg = Debug|Any CPU
		{F50628FD-5AE4-4A16-A062-4687B2EAD7EE}.Debug|Win32.ActiveCfg = Debug|Any CPU
		{F50628FD-5AE4-4A16-A062-4687B2EAD7EE}.linux_x86 debug|Any CPU.ActiveCfg = Release|Any CPU
		{F50628FD-5AE4-4A16-A062-4687B2EAD7EE}.linux_x86 debug|Any CPU.Build.0 = Release|Any CPU
		{F50628FD-5AE4-4A16-A062-4687B2EAD7EE}.linux_x86 debug|Mixed Platforms.ActiveCfg = Release|Any CPU
		{F50628FD-5AE4-4A16-A062-4687B2EAD7EE}.linux_x86 debug|Mixed Platforms.Build.0 = Release|Any CPU
		{F50628FD-5AE4-4A16-A062-4687B2EAD7EE}.linux_x86 debug|Pocket PC 2003 (ARMV4).ActiveCfg = Release|Any CPU
		{F50628FD-5AE4-4A16-A062-4687B2EAD7EE}.linux_x86 debug|Win32.ActiveCfg = Release|Any CPU
		{F50628FD-5AE4-4A16-A062-4687B2EAD7EE}.linux_x86 release|Any CPU.ActiveCfg = Release|Any CPU
		{F50628FD-5AE4-4A16-A062-4687B2EAD7EE}.linux_x86 release|Any CPU.Build.0 = Release|Any CPU
		{F50628FD-5AE4-4A16-A062-4687B2EAD7EE}.linux_x86 release|Mixed Platforms.ActiveCfg = Release|Any CPU
		{F50628FD-5AE4-4A16-A062-4687B2EAD7EE}.linux_x86 release|Mixed Platforms.Build.0 = Release|Any CPU
		{F50628FD-5AE4-4A16-A062-4687B2EAD7EE}.linux_x86 release|Pocket PC 2003 (ARMV4).ActiveCfg = Release|Any CPU
		{F50628FD-5AE4-4A16-A062-4687B2EAD7EE}.linux_x86 release|Win32.ActiveCfg = Release|Any CPU
		{F50628FD-5AE4-4A16-A062-4687B2EAD7EE}.linux_x86 unit|Any CPU.ActiveCfg = Release|Any CPU
		{F50628FD-5AE4-4A16-A062-4687B2EAD7EE}.linux_x86 unit|Any CPU.Build.0 = Release|Any CPU
		{F50628FD-5AE4-4A16-A062-4687B2EAD7EE}.linux_x86 unit|Mixed Platforms.ActiveCfg = Release|Any CPU
		{F50628FD-5AE4-4A16-A062-4687B2EAD7EE}.linux_x86 unit|Mixed Platforms.Build.0 = Release|Any CPU
		{F50628FD-5AE4-4A16-A062-4687B2EAD7EE}.linux_x86 unit|Pocket PC 2003 (ARMV4).ActiveCfg = Release|Any CPU
		{F50628FD-5AE4-4A16-A062-4687B2EAD7EE}.linux_x86 unit|Win32.ActiveCfg = Release|Any CPU
		{F50628FD-5AE4-4A16-A062-4687B2EAD7EE}.nt_x86 debug|Any CPU.ActiveCfg = Release|Any CPU
		{F50628FD-5AE4-4A16-A062-4687B2EAD7EE}.nt_x86 debug|Any CPU.Build.0 = Release|Any CPU
		{F50628FD-5AE4-4A16-A062-4687B2EAD7EE}.nt_x86 debug|Mixed Platforms.ActiveCfg = Release|Any CPU
		{F50628FD-5AE4-4A16-A062-4687B2EAD7EE}.nt_x86 debug|Mixed Platforms.Build.0 = Release|Any CPU
		{F50628FD-5AE4-4A16-A062-4687B2EAD7EE}.nt_x86 debug|Pocket PC 2003 (ARMV4).ActiveCfg = Release|Any CPU
		{F50628FD-5AE4-4A16-A062-4687B2EAD7EE}.nt_x86 debug|Win32.ActiveCfg = Release|Any CPU
		{F50628FD-5AE4-4A16-A062-4687B2EAD7EE}.nt_x86 release|Any CPU.ActiveCfg = Release|Any CPU
		{F50628FD-5AE4-4A16-A062-4687B2EAD7EE}.nt_x86 release|Any CPU.Build.0 = Release|Any CPU
		{F50628FD-5AE4-4A16-A062-4687B2EAD7EE}.nt_x86 release|Mixed Platforms.ActiveCfg = Release|Any CPU
		{F50628FD-5AE4-4A16-A062-4687B2EAD7EE}.nt_x86 release|Mixed Platforms.Build.0 = Release|Any CPU
		{F50628FD-5AE4-4A16-A062-4687B2EAD7EE}.nt_x86 release|Pocket PC 2003 (ARMV4).ActiveCfg = Release|Any CPU
		{F50628FD-5AE4-4A16-A062-4687B2EAD7EE}.nt_x86 release|Win32.ActiveCfg = Release|Any CPU
		{F50628FD-5AE4-4A16-A062-4687B2EAD7EE}.nt_x86 unit|Any CPU.ActiveCfg = Release|Any CPU
		{F50628FD-5AE4-4A16-A062-4687B2EAD7EE}.nt_x86 unit|Any CPU.Build.0 = Release|Any CPU
		{F50628FD-5AE4-4A16-A062-4687B2EAD7EE}.nt_x86 unit|Mixed Platforms.ActiveCfg = Release|Any CPU
		{F50628FD-5AE4-4A16-A062-4687B2EAD7EE}.nt_x86 unit|Mixed Platforms.Build.0 = Release|Any CPU
		{F50628FD-5AE4-4A16-A062-4687B2EAD7EE}.nt_x86 unit|Pocket PC 2003 (ARMV4).ActiveCfg = Release|Any CPU
		{F50628FD-5AE4-4A16-A062-4687B2EAD7EE}.nt_x86 unit|Win32.ActiveCfg = Release|Any CPU
		{F50628FD-5AE4-4A16-A062-4687B2EAD7EE}.Release|Any CPU.ActiveCfg = Release|Any CPU
		{F50628FD-5AE4-4A16-A062-4687B2EAD7EE}.Release|Any CPU.Build.0 = Release|Any CPU
		{F50628FD-5AE4-4A16-A062-4687B2EAD7EE}.Release|Mixed Platforms.ActiveCfg = Release|Any CPU
		{F50628FD-5AE4-4A16-A062-4687B2EAD7EE}.Release|Mixed Platforms.Build.0 = Release|Any CPU
		{F50628FD-5AE4-4A16-A062-4687B2EAD7EE}.Release|Pocket PC 2003 (ARMV4).ActiveCfg = Release|Any CPU
		{F50628FD-5AE4-4A16-A062-4687B2EAD7EE}.Release|Win32.ActiveCfg = Release|Any CPU
		{73DCC218-655B-485F-8EAC-0CE5F2F7343D}.ce_pxa debug|Any CPU.ActiveCfg = Release|Any CPU
		{73DCC218-655B-485F-8EAC-0CE5F2F7343D}.ce_pxa debug|Any CPU.Build.0 = Release|Any CPU
		{73DCC218-655B-485F-8EAC-0CE5F2F7343D}.ce_pxa debug|Mixed Platforms.ActiveCfg = Release|Any CPU
		{73DCC218-655B-485F-8EAC-0CE5F2F7343D}.ce_pxa debug|Mixed Platforms.Build.0 = Release|Any CPU
		{73DCC218-655B-485F-8EAC-0CE5F2F7343D}.ce_pxa debug|Pocket PC 2003 (ARMV4).ActiveCfg = Release|Any CPU
		{73DCC218-655B-485F-8EAC-0CE5F2F7343D}.ce_pxa debug|Win32.ActiveCfg = Release|Any CPU
		{73DCC218-655B-485F-8EAC-0CE5F2F7343D}.ce_pxa release|Any CPU.ActiveCfg = Release|Any CPU
		{73DCC218-655B-485F-8EAC-0CE5F2F7343D}.ce_pxa release|Any CPU.Build.0 = Release|Any CPU
		{73DCC218-655B-485F-8EAC-0CE5F2F7343D}.ce_pxa release|Mixed Platforms.ActiveCfg = Release|Any CPU
		{73DCC218-655B-485F-8EAC-0CE5F2F7343D}.ce_pxa release|Mixed Platforms.Build.0 = Release|Any CPU
		{73DCC218-655B-485F-8EAC-0CE5F2F7343D}.ce_pxa release|Pocket PC 2003 (ARMV4).ActiveCfg = Release|Any CPU
		{73DCC218-655B-485F-8EAC-0CE5F2F7343D}.ce_pxa release|Win32.ActiveCfg = Release|Any CPU
		{73DCC218-655B-485F-8EAC-0CE5F2F7343D}.ce_pxa unit|Any CPU.ActiveCfg = Release|Any CPU
		{73DCC218-655B-485F-8EAC-0CE5F2F7343D}.ce_pxa unit|Any CPU.Build.0 = Release|Any CPU
		{73DCC218-655B-485F-8EAC-0CE5F2F7343D}.ce_pxa unit|Mixed Platforms.ActiveCfg = Release|Any CPU
		{73DCC218-655B-485F-8EAC-0CE5F2F7343D}.ce_pxa unit|Mixed Platforms.Build.0 = Release|Any CPU
		{73DCC218-655B-485F-8EAC-0CE5F2F7343D}.ce_pxa unit|Pocket PC 2003 (ARMV4).ActiveCfg = Release|Any CPU
		{73DCC218-655B-485F-8EAC-0CE5F2F7343D}.ce_pxa unit|Win32.ActiveCfg = Release|Any CPU
		{73DCC218-655B-485F-8EAC-0CE5F2F7343D}.Debug|Any CPU.ActiveCfg = Debug|Any CPU
		{73DCC218-655B-485F-8EAC-0CE5F2F7343D}.Debug|Any CPU.Build.0 = Debug|Any CPU
		{73DCC218-655B-485F-8EAC-0CE5F2F7343D}.Debug|Mixed Platforms.ActiveCfg = Debug|Any CPU
		{73DCC218-655B-485F-8EAC-0CE5F2F7343D}.Debug|Pocket PC 2003 (ARMV4).ActiveCfg = Debug|Any CPU
		{73DCC218-655B-485F-8EAC-0CE5F2F7343D}.Debug|Win32.ActiveCfg = Debug|Any CPU
		{73DCC218-655B-485F-8EAC-0CE5F2F7343D}.linux_x86 debug|Any CPU.ActiveCfg = Release|Any CPU
		{73DCC218-655B-485F-8EAC-0CE5F2F7343D}.linux_x86 debug|Any CPU.Build.0 = Release|Any CPU
		{73DCC218-655B-485F-8EAC-0CE5F2F7343D}.linux_x86 debug|Mixed Platforms.ActiveCfg = Release|Any CPU
		{73DCC218-655B-485F-8EAC-0CE5F2F7343D}.linux_x86 debug|Mixed Platforms.Build.0 = Release|Any CPU
		{73DCC218-655B-485F-8EAC-0CE5F2F7343D}.linux_x86 debug|Pocket PC 2003 (ARMV4).ActiveCfg = Release|Any CPU
		{73DCC218-655B-485F-8EAC-0CE5F2F7343D}.linux_x86 debug|Win32.ActiveCfg = Release|Any CPU
		{73DCC218-655B-485F-8EAC-0CE5F2F7343D}.linux_x86 release|Any CPU.ActiveCfg = Release|Any CPU
		{73DCC218-655B-485F-8EAC-0CE5F2F7343D}.linux_x86 release|Any CPU.Build.0 = Release|Any CPU
		{73DCC218-655B-485F-8EAC-0CE5F2F7343D}.linux_x86 release|Mixed Platforms.ActiveCfg = Release|Any CPU
		{73DCC218-655B-485F-8EAC-0CE5F2F7343D}.linux_x86 release|Mixed Platforms.Build.0 = Release|Any CPU
		{73DCC218-655B-485F-8EAC-0CE5F2F7343D}.linux_x86 release|Pocket PC 2003 (ARMV4).ActiveCfg = Release|Any CPU
		{73DCC218-655B-485F-8EAC-0CE5F2F7343D}.linux_x86 release|Win32.ActiveCfg = Release|Any CPU
		{73DCC218-655B-485F-8EAC-0CE5F2F7343D}.linux_x86 unit|Any CPU.ActiveCfg = Release|Any CPU
		{73DCC218-655B-485F-8EAC-0CE5F2F7343D}.linux_x86 unit|Any CPU.Build.0 = Release|Any CPU
		{73DCC218-655B-485F-8EAC-0CE5F2F7343D}.linux_x86 unit|Mixed Platforms.ActiveCfg = Release|Any CPU
		{73DCC218-655B-485F-8EAC-0CE5F2F7343D}.linux_x86 unit|Mixed Platforms.Build.0 = Release|Any CPU
		{73DCC218-655B-485F-8EAC-0CE5F2F7343D}.linux_x86 unit|Pocket PC 2003 (ARMV4).ActiveCfg = Release|Any CPU
		{73DCC218-655B-485F-8EAC-0CE5F2F7343D}.linux_x86 unit|Win32.ActiveCfg = Release|Any CPU
		{73DCC218-655B-485F-8EAC-0CE5F2F7343D}.nt_x86 debug|Any CPU.ActiveCfg = Release|Any CPU
		{73DCC218-655B-485F-8EAC-0CE5F2F7343D}.nt_x86 debug|Any CPU.Build.0 = Release|Any CPU
		{73DCC218-655B-485F-8EAC-0CE5F2F7343D}.nt_x86 debug|Mixed Platforms.ActiveCfg = Release|Any CPU
		{73DCC218-655B-485F-8EAC-0CE5F2F7343D}.nt_x86 debug|Mixed Platforms.Build.0 = Release|Any CPU
		{73DCC218-655B-485F-8EAC-0CE5F2F7343D}.nt_x86 debug|Pocket PC 2003 (ARMV4).ActiveCfg = Release|Any CPU
		{73DCC218-655B-485F-8EAC-0CE5F2F7343D}.nt_x86 debug|Win32.ActiveCfg = Release|Any CPU
		{73DCC218-655B-485F-8EAC-0CE5F2F7343D}.nt_x86 release|Any CPU.ActiveCfg = Release|Any CPU
		{73DCC218-655B-485F-8EAC-0CE5F2F7343D}.nt_x86 release|Any CPU.Build.0 = Release|Any CPU
		{73DCC218-655B-485F-8EAC-0CE5F2F7343D}.nt_x86 release|Mixed Platforms.ActiveCfg = Release|Any CPU
		{73DCC218-655B-485F-8EAC-0CE5F2F7343D}.nt_x86 release|Mixed Platforms.Build.0 = Release|Any CPU
		{73DCC218-655B-485F-8EAC-0CE5F2F7343D}.nt_x86 release|Pocket PC 2003 (ARMV4).ActiveCfg = Release|Any CPU
		{73DCC218-655B-485F-8EAC-0CE5F2F7343D}.nt_x86 release|Win32.ActiveCfg = Release|Any CPU
		{73DCC218-655B-485F-8EAC-0CE5F2F7343D}.nt_x86 unit|Any CPU.ActiveCfg = Release|Any CPU
		{73DCC218-655B-485F-8EAC-0CE5F2F7343D}.nt_x86 unit|Any CPU.Build.0 = Release|Any CPU
		{73DCC218-655B-485F-8EAC-0CE5F2F7343D}.nt_x86 unit|Mixed Platforms.ActiveCfg = Release|Any CPU
		{73DCC218-655B-485F-8EAC-0CE5F2F7343D}.nt_x86 unit|Mixed Platforms.Build.0 = Release|Any CPU
		{73DCC218-655B-485F-8EAC-0CE5F2F7343D}.nt_x86 unit|Pocket PC 2003 (ARMV4).ActiveCfg = Release|Any CPU
		{73DCC218-655B-485F-8EAC-0CE5F2F7343D}.nt_x86 unit|Win32.ActiveCfg = Release|Any CPU
		{73DCC218-655B-485F-8EAC-0CE5F2F7343D}.Release|Any CPU.ActiveCfg = Release|Any CPU
		{73DCC218-655B-485F-8EAC-0CE5F2F7343D}.Release|Any CPU.Build.0 = Release|Any CPU
		{73DCC218-655B-485F-8EAC-0CE5F2F7343D}.Release|Mixed Platforms.ActiveCfg = Release|Any CPU
		{73DCC218-655B-485F-8EAC-0CE5F2F7343D}.Release|Mixed Platforms.Build.0 = Release|Any CPU
		{73DCC218-655B-485F-8EAC-0CE5F2F7343D}.Release|Pocket PC 2003 (ARMV4).ActiveCfg = Release|Any CPU
		{73DCC218-655B-485F-8EAC-0CE5F2F7343D}.Release|Win32.ActiveCfg = Release|Any CPU
	EndGlobalSection
	GlobalSection(SolutionProperties) = preSolution
		HideSolutionNode = FALSE
	EndGlobalSection
EndGlobal
